
Microsoft Visual Studio Solution File, Format Version 12.00
# Visual Studio Version 18
VisualStudioVersion = 18.1.11312.151 d18.0
MinimumVisualStudioVersion = 10.0.40219.1
Project("{8BC9CEB8-8B4A-11D0-8D11-00A0C91BC942}") = "Program", "Program.vcxproj", "{F654428C-E2E9-4EB1-A6FB-BBDBF19D1820}"
EndProject
Project("{8BC9CEB8-8B4A-11D0-8D11-00A0C91BC942}") = "Class1th (Input System)", "..\Class1th (Input System)\Class1th (Input System).vcxproj", "{5A9C3D78-223B-4966-BE8F-696507B31339}"
EndProject
Project("{8BC9CEB8-8B4A-11D0-8D11-00A0C91BC942}") = "Class2th (Time)", "..\Class2th (Time)\Class2th (Time).vcxproj", "{5E439155-6BFF-471E-A4A8-F6B749440FC3}"
EndProject
Project("{8BC9CEB8-8B4A-11D0-8D11-00A0C91BC942}") = "Class3th (File Input & Output)", "..\Class3th (File Input & Output)\Class3th (File Input & Output).vcxproj", "{0D4B0330-74E1-4418-A159-374CB95A4A4B}"
EndProject
Project("{8BC9CEB8-8B4A-11D0-8D11-00A0C91BC942}") = "Class4th (Color System)", "..\Class4th (Color System)\Class4th (Color System).vcxproj", "{C73DC9D8-F765-4D88-972F-FE14705ED925}"
EndProject
Global
	GlobalSection(SolutionConfigurationPlatforms) = preSolution
		Debug|x64 = Debug|x64
		Debug|x86 = Debug|x86
		Release|x64 = Release|x64
		Release|x86 = Release|x86
	EndGlobalSection
	GlobalSection(ProjectConfigurationPlatforms) = postSolution
		{F654428C-E2E9-4EB1-A6FB-BBDBF19D1820}.Debug|x64.ActiveCfg = Debug|x64
		{F654428C-E2E9-4EB1-A6FB-BBDBF19D1820}.Debug|x64.Build.0 = Debug|x64
		{F654428C-E2E9-4EB1-A6FB-BBDBF19D1820}.Debug|x86.ActiveCfg = Debug|Win32
		{F654428C-E2E9-4EB1-A6FB-BBDBF19D1820}.Debug|x86.Build.0 = Debug|Win32
		{F654428C-E2E9-4EB1-A6FB-BBDBF19D1820}.Release|x64.ActiveCfg = Release|x64
		{F654428C-E2E9-4EB1-A6FB-BBDBF19D1820}.Release|x64.Build.0 = Release|x64
		{F654428C-E2E9-4EB1-A6FB-BBDBF19D1820}.Release|x86.ActiveCfg = Release|Win32
		{F654428C-E2E9-4EB1-A6FB-BBDBF19D1820}.Release|x86.Build.0 = Release|Win32
		{5A9C3D78-223B-4966-BE8F-696507B31339}.Debug|x64.ActiveCfg = Debug|x64
		{5A9C3D78-223B-4966-BE8F-696507B31339}.Debug|x64.Build.0 = Debug|x64
		{5A9C3D78-223B-4966-BE8F-696507B31339}.Debug|x86.ActiveCfg = Debug|Win32
		{5A9C3D78-223B-4966-BE8F-696507B31339}.Debug|x86.Build.0 = Debug|Win32
		{5A9C3D78-223B-4966-BE8F-696507B31339}.Release|x64.ActiveCfg = Release|x64
		{5A9C3D78-223B-4966-BE8F-696507B31339}.Release|x64.Build.0 = Release|x64
		{5A9C3D78-223B-4966-BE8F-696507B31339}.Release|x86.ActiveCfg = Release|Win32
		{5A9C3D78-223B-4966-BE8F-696507B31339}.Release|x86.Build.0 = Release|Win32
		{5E439155-6BFF-471E-A4A8-F6B749440FC3}.Debug|x64.ActiveCfg = Debug|x64
		{5E439155-6BFF-471E-A4A8-F6B749440FC3}.Debug|x64.Build.0 = Debug|x64
		{5E439155-6BFF-471E-A4A8-F6B749440FC3}.Debug|x86.ActiveCfg = Debug|Win32
		{5E439155-6BFF-471E-A4A8-F6B749440FC3}.Debug|x86.Build.0 = Debug|Win32
		{5E439155-6BFF-471E-A4A8-F6B749440FC3}.Release|x64.ActiveCfg = Release|x64
		{5E439155-6BFF-471E-A4A8-F6B749440FC3}.Release|x64.Build.0 = Release|x64
		{5E439155-6BFF-471E-A4A8-F6B749440FC3}.Release|x86.ActiveCfg = Release|Win32
		{5E439155-6BFF-471E-A4A8-F6B749440FC3}.Release|x86.Build.0 = Release|Win32
		{0D4B0330-74E1-4418-A159-374CB95A4A4B}.Debug|x64.ActiveCfg = Debug|x64
		{0D4B0330-74E1-4418-A159-374CB95A4A4B}.Debug|x64.Build.0 = Debug|x64
		{0D4B0330-74E1-4418-A159-374CB95A4A4B}.Debug|x86.ActiveCfg = Debug|Win32
		{0D4B0330-74E1-4418-A159-374CB95A4A4B}.Debug|x86.Build.0 = Debug|Win32
		{0D4B0330-74E1-4418-A159-374CB95A4A4B}.Release|x64.ActiveCfg = Release|x64
		{0D4B0330-74E1-4418-A159-374CB95A4A4B}.Release|x64.Build.0 = Release|x64
		{0D4B0330-74E1-4418-A159-374CB95A4A4B}.Release|x86.ActiveCfg = Release|Win32
		{0D4B0330-74E1-4418-A159-374CB95A4A4B}.Release|x86.Build.0 = Release|Win32
		{C73DC9D8-F765-4D88-972F-FE14705ED925}.Debug|x64.ActiveCfg = Debug|x64
		{C73DC9D8-F765-4D88-972F-FE14705ED925}.Debug|x64.Build.0 = Debug|x64
		{C73DC9D8-F765-4D88-972F-FE14705ED925}.Debug|x86.ActiveCfg = Debug|Win32
		{C73DC9D8-F765-4D88-972F-FE14705ED925}.Debug|x86.Build.0 = Debug|Win32
		{C73DC9D8-F765-4D88-972F-FE14705ED925}.Release|x64.ActiveCfg = Release|x64
		{C73DC9D8-F765-4D88-972F-FE14705ED925}.Release|x64.Build.0 = Release|x64
		{C73DC9D8-F765-4D88-972F-FE14705ED925}.Release|x86.ActiveCfg = Release|Win32
		{C73DC9D8-F765-4D88-972F-FE14705ED925}.Release|x86.Build.0 = Release|Win32
	EndGlobalSection
	GlobalSection(SolutionProperties) = preSolution
		HideSolutionNode = FALSE
	EndGlobalSection
	GlobalSection(ExtensibilityGlobals) = postSolution
		SolutionGuid = {8F44872C-ACBD-4C48-A579-A442F3940805}
	EndGlobalSection
EndGlobal
